
Microsoft Visual Studio Solution File, Format Version 12.00
# Visual Studio Version 17
VisualStudioVersion = 17.11.35208.52
MinimumVisualStudioVersion = 10.0.40219.1
Project("{FAE04EC0-301F-11D3-BF4B-00C04F79EFBC}") = "BatExtension", "BatExtension.csproj", "{5B919E83-C94F-4BBE-BC4B-FF8A121208B9}"
EndProject
Global
	GlobalSection(SolutionConfigurationPlatforms) = preSolution
		Debug|Any CPU = Debug|Any CPU
		Release|Any CPU = Release|Any CPU
	EndGlobalSection
	GlobalSection(ProjectConfigurationPlatforms) = postSolution
		{5B919E83-C94F-4BBE-BC4B-FF8A121208B9}.Debug|Any CPU.ActiveCfg = Debug|Any CPU
		{5B919E83-C94F-4BBE-BC4B-FF8A121208B9}.Debug|Any CPU.Build.0 = Debug|Any CPU
		{5B919E83-C94F-4BBE-BC4B-FF8A121208B9}.Release|Any CPU.ActiveCfg = Release|Any CPU
		{5B919E83-C94F-4BBE-BC4B-FF8A121208B9}.Release|Any CPU.Build.0 = Release|Any CPU
	EndGlobalSection
	GlobalSection(SolutionProperties) = preSolution
		HideSolutionNode = FALSE
	EndGlobalSection
	GlobalSection(ExtensibilityGlobals) = postSolution
		SolutionGuid = {61079D07-925A-4833-BE71-1B0EED7CA521}
	EndGlobalSection
EndGlobal
